
Microsoft Visual Studio Solution File, Format Version 12.00
# Visual Studio Version 17
VisualStudioVersion = 17.10.35122.118
MinimumVisualStudioVersion = 10.0.40219.1
Project("{FAE04EC0-301F-11D3-BF4B-00C04F79EFBC}") = "Converter", "Converter\Converter.csproj", "{648BA1D4-18FD-4E47-B6D5-A28182082A00}"
EndProject
Global
	GlobalSection(SolutionConfigurationPlatforms) = preSolution
		Debug|Any CPU = Debug|Any CPU
		Release|Any CPU = Release|Any CPU
	EndGlobalSection
	GlobalSection(ProjectConfigurationPlatforms) = postSolution
		{648BA1D4-18FD-4E47-B6D5-A28182082A00}.Debug|Any CPU.ActiveCfg = Debug|Any CPU
		{648BA1D4-18FD-4E47-B6D5-A28182082A00}.Debug|Any CPU.Build.0 = Debug|Any CPU
		{648BA1D4-18FD-4E47-B6D5-A28182082A00}.Release|Any CPU.ActiveCfg = Release|Any CPU
		{648BA1D4-18FD-4E47-B6D5-A28182082A00}.Release|Any CPU.Build.0 = Release|Any CPU
	EndGlobalSection
	GlobalSection(SolutionProperties) = preSolution
		HideSolutionNode = FALSE
	EndGlobalSection
	GlobalSection(ExtensibilityGlobals) = postSolution
		SolutionGuid = {68BE418A-46B8-41AC-8066-0A658D7DBF0A}
	EndGlobalSection
EndGlobal
